# This file is autogenerated, do not edit; changes may be undone by the next 'dep ensure'.


[[projects]]
  branch = "master"
  name = "github.com/streadway/amqp"
  packages = ["."]
  revision = "eade30b20f1d77d4ab7a3c72d5e3a3331b6443ba"

[solve-meta]
  analyzer-name = "dep"
  analyzer-version = 1
  inputs-digest = "e0b90508771cd5154403558649d9d392c24b1cfc76b51486c8931a1cdd961f35"
  solver-name = "gps-cdcl"
  solver-version = 1
